
Microsoft Visual Studio Solution File, Format Version 12.00
# Visual Studio Version 17
VisualStudioVersion = 17.13.35818.85
MinimumVisualStudioVersion = 10.0.40219.1
Project("{FAE04EC0-301F-11D3-BF4B-00C04F79EFBC}") = "DataAcquisition.Clients", "DataAcquisition.Clients\DataAcquisition.Clients.csproj", "{F9AC936C-A563-408A-919B-909D0DC0A9C6}"
EndProject
Project("{FAE04EC0-301F-11D3-BF4B-00C04F79EFBC}") = "DataAcquisition.Tests", "DataAcquisition.Tests\DataAcquisition.Tests.csproj", "{34D3CD4E-C310-432F-ABF9-985627E7E545}"
EndProject
Project("{FAE04EC0-301F-11D3-BF4B-00C04F79EFBC}") = "DataAcquisition.Servers", "DataAcquisition.Servers\DataAcquisition.Servers.csproj", "{A9F8674D-0C85-A790-7521-39D40873ACCC}"
EndProject
Global
	GlobalSection(SolutionConfigurationPlatforms) = preSolution
		Debug|Any CPU = Debug|Any CPU
		Release|Any CPU = Release|Any CPU
	EndGlobalSection
	GlobalSection(ProjectConfigurationPlatforms) = postSolution
		{F9AC936C-A563-408A-919B-909D0DC0A9C6}.Debug|Any CPU.ActiveCfg = Debug|Any CPU
		{F9AC936C-A563-408A-919B-909D0DC0A9C6}.Debug|Any CPU.Build.0 = Debug|Any CPU
		{F9AC936C-A563-408A-919B-909D0DC0A9C6}.Release|Any CPU.ActiveCfg = Release|Any CPU
		{F9AC936C-A563-408A-919B-909D0DC0A9C6}.Release|Any CPU.Build.0 = Release|Any CPU
		{34D3CD4E-C310-432F-ABF9-985627E7E545}.Debug|Any CPU.ActiveCfg = Debug|Any CPU
		{34D3CD4E-C310-432F-ABF9-985627E7E545}.Debug|Any CPU.Build.0 = Debug|Any CPU
		{34D3CD4E-C310-432F-ABF9-985627E7E545}.Release|Any CPU.ActiveCfg = Release|Any CPU
		{34D3CD4E-C310-432F-ABF9-985627E7E545}.Release|Any CPU.Build.0 = Release|Any CPU
		{A9F8674D-0C85-A790-7521-39D40873ACCC}.Debug|Any CPU.ActiveCfg = Debug|Any CPU
		{A9F8674D-0C85-A790-7521-39D40873ACCC}.Debug|Any CPU.Build.0 = Debug|Any CPU
		{A9F8674D-0C85-A790-7521-39D40873ACCC}.Release|Any CPU.ActiveCfg = Release|Any CPU
		{A9F8674D-0C85-A790-7521-39D40873ACCC}.Release|Any CPU.Build.0 = Release|Any CPU
	EndGlobalSection
	GlobalSection(SolutionProperties) = preSolution
		HideSolutionNode = FALSE
	EndGlobalSection
	GlobalSection(ExtensibilityGlobals) = postSolution
		SolutionGuid = {40D03962-F12A-4C22-A4C3-569499E1DAA1}
	EndGlobalSection
EndGlobal
